
Microsoft Visual Studio Solution File, Format Version 12.00
# Visual Studio Version 17
VisualStudioVersion = 17.5.33530.505
MinimumVisualStudioVersion = 10.0.40219.1
Project("{9A19103F-16F7-4668-BE54-9A1E7A4F7556}") = "Penlog", "Penlog.Web\Penlog.csproj", "{624D05B3-64D6-44B7-AC0A-2CF3510BB07D}"
EndProject
Global
	GlobalSection(SolutionConfigurationPlatforms) = preSolution
		Debug|Any CPU = Debug|Any CPU
		Release|Any CPU = Release|Any CPU
	EndGlobalSection
	GlobalSection(ProjectConfigurationPlatforms) = postSolution
		{624D05B3-64D6-44B7-AC0A-2CF3510BB07D}.Debug|Any CPU.ActiveCfg = Debug|Any CPU
		{624D05B3-64D6-44B7-AC0A-2CF3510BB07D}.Debug|Any CPU.Build.0 = Debug|Any CPU
		{624D05B3-64D6-44B7-AC0A-2CF3510BB07D}.Release|Any CPU.ActiveCfg = Release|Any CPU
		{624D05B3-64D6-44B7-AC0A-2CF3510BB07D}.Release|Any CPU.Build.0 = Release|Any CPU
	EndGlobalSection
	GlobalSection(SolutionProperties) = preSolution
		HideSolutionNode = FALSE
	EndGlobalSection
	GlobalSection(ExtensibilityGlobals) = postSolution
		SolutionGuid = {8E64A89D-6B8D-414A-B678-B189C5018520}
	EndGlobalSection
EndGlobal
